PODS:
  - Houston (0.2.2)
  - RateLimit (2.1.2)

DEPENDENCIES:
  - Houston
  - RateLimit

SPEC REPOS:
  https://github.com/cocoapods/specs.git:
    - Houston
    - RateLimit

SPEC CHECKSUMS:
  Houston: c5865bdca6bcec5b3ce6570c49fcd19392a29778
  RateLimit: 3652039be00c614d0f6e468026edd6760463a425

PODFILE CHECKSUM: ed84d741cf3bcde4db2d391f8b99aee0cfd74606

COCOAPODS: 1.7.5
